
Microsoft Visual Studio Solution File, Format Version 12.00
# Visual Studio Version 17
VisualStudioVersion = 17.1.32407.343
MinimumVisualStudioVersion = 10.0.40219.1
Project("{FAE04EC0-301F-11D3-BF4B-00C04F79EFBC}") = "BookAPI", "BookAPI\BookAPI.csproj", "{80504A70-E9AA-4C65-9C85-4AE9FE83C570}"
EndProject
Global
	GlobalSection(SolutionConfigurationPlatforms) = preSolution
		Debug|Any CPU = Debug|Any CPU
		Release|Any CPU = Release|Any CPU
	EndGlobalSection
	GlobalSection(ProjectConfigurationPlatforms) = postSolution
		{80504A70-E9AA-4C65-9C85-4AE9FE83C570}.Debug|Any CPU.ActiveCfg = Debug|Any CPU
		{80504A70-E9AA-4C65-9C85-4AE9FE83C570}.Debug|Any CPU.Build.0 = Debug|Any CPU
		{80504A70-E9AA-4C65-9C85-4AE9FE83C570}.Release|Any CPU.ActiveCfg = Release|Any CPU
		{80504A70-E9AA-4C65-9C85-4AE9FE83C570}.Release|Any CPU.Build.0 = Release|Any CPU
	EndGlobalSection
	GlobalSection(SolutionProperties) = preSolution
		HideSolutionNode = FALSE
	EndGlobalSection
	GlobalSection(ExtensibilityGlobals) = postSolution
		SolutionGuid = {10817238-9207-4AB0-953A-5CF61B14AB66}
	EndGlobalSection
EndGlobal
